{
	"name": "jackrabbit",
	"lockfileVersion": 3,
	"requires": true,
	"packages": {
		"": {
			"name": "jackrabbit",
			"workspaces": [
				"core",
				"cli",
				"nodejs_cli",
				"tests"
			],
			"bin": {
				"jackrabbit": "nodejs_cli/dist/mod.js"
			},
			"devDependencies": {
				"@types/node": "^22.5.5",
				"nodejs_cli": "^0.1.0",
				"prettier": "^3.3.1",
				"typescript": "^5.4.5"
			}
		},
		"cli": {
			"version": "0.1.0",
			"license": "BSD-3-Clause"
		},
		"core": {
			"version": "0.1.0",
			"license": "BSD-3-Clause"
		},
		"node_modules/@types/node": {
			"version": "22.13.5",
			"resolved": "https://registry.npmjs.org/@types/node/-/node-22.13.5.tgz",
			"integrity": "sha512-+lTU0PxZXn0Dr1NBtC7Y8cR21AJr87dLLU953CWA6pMxxv/UDc7jYAY90upcrie1nRcD6XNG5HOYEDtgW5TxAg==",
			"dev": true,
			"license": "MIT",
			"dependencies": {
				"undici-types": "~6.20.0"
			}
		},
		"node_modules/cli": {
			"resolved": "cli",
			"link": true
		},
		"node_modules/core": {
			"resolved": "core",
			"link": true
		},
		"node_modules/nodejs_cli": {
			"resolved": "nodejs_cli",
			"link": true
		},
		"node_modules/prettier": {
			"version": "3.5.2",
			"resolved": "https://registry.npmjs.org/prettier/-/prettier-3.5.2.tgz",
			"integrity": "sha512-lc6npv5PH7hVqozBR7lkBNOGXV9vMwROAPlumdBkX0wTbbzPu/U1hk5yL8p2pt4Xoc+2mkT8t/sow2YrV/M5qg==",
			"dev": true,
			"license": "MIT",
			"bin": {
				"prettier": "bin/prettier.cjs"
			},
			"engines": {
				"node": ">=14"
			},
			"funding": {
				"url": "https://github.com/prettier/prettier?sponsor=1"
			}
		},
		"node_modules/tests": {
			"resolved": "tests",
			"link": true
		},
		"node_modules/typescript": {
			"version": "5.7.3",
			"resolved": "https://registry.npmjs.org/typescript/-/typescript-5.7.3.tgz",
			"integrity": "sha512-84MVSjMEHP+FQRPy3pX9sTVV/INIex71s9TL2Gm5FG/WG1SqXeKyZ0k7/blY/4FdOzI12CBy1vGc4og/eus0fw==",
			"dev": true,
			"license": "Apache-2.0",
			"bin": {
				"tsc": "bin/tsc",
				"tsserver": "bin/tsserver"
			},
			"engines": {
				"node": ">=14.17"
			}
		},
		"node_modules/undici-types": {
			"version": "6.20.0",
			"resolved": "https://registry.npmjs.org/undici-types/-/undici-types-6.20.0.tgz",
			"integrity": "sha512-Ny6QZ2Nju20vw1SRHe3d9jVu6gJ+4e3+MMpqu7pqE5HT6WsTSlce++GQmK5UXS8mzV8DSYHrQH+Xrf2jVcuKNg==",
			"dev": true,
			"license": "MIT"
		},
		"nodejs_cli": {
			"version": "0.1.0",
			"license": "BSD-3-Clause"
		},
		"tests": {
			"version": "0.1.0",
			"license": "BSD-3-Clause"
		}
	}
}
